lockfileVersion: '9.0'

settings:
  autoInstallPeers: false
  excludeLinksFromLockfile: false

importers:

  .:
    dependencies:
      '@cad0p/pi-bash-timeout':
        specifier: 0.1.0-20260630.1
        version: 0.1.0-20260630.1
      '@cad0p/pi-fallback-provider':
        specifier: 0.1.0-20260814.0
        version: 0.1.0-20260814.0
      '@cad0p/pi-heartbeat':
        specifier: 0.0.1-20260814.0
        version: 0.0.1-20260814.0
      '@cad0p/pi-napkin':
        specifier: 0.7.2-20260820.0
        version: 0.7.2-20260820.0(@sinclair/typebox@0.34.52)
      '@cad0p/pi-pioneer-provider':
        specifier: 0.2.3-20260622.0
        version: 0.2.3-20260622.0
      '@cad0p/pi-provider-umans':
        specifier: 1.4.0-20260814.1
        version: 1.4.0-20260814.1
      '@cad0p/pi-steering':
        specifier: 0.2.0-20260820.1
        version: 0.2.0-20260820.1
      '@cad0p/pi-subagents-tintinweb':
        specifier: 0.14.2-20260814.3
        version: 0.14.2-20260814.3
      '@cad0p/pi-timestamps':
        specifier: 0.2.0-20260813.0
        version: 0.2.0-20260813.0
      '@cad0p/pi-tree-navigator':
        specifier: 0.1.2-20260820.0
        version: 0.1.2-20260820.0
      '@getpipher/vision':
        specifier: ^0.5.2
        version: 0.5.2
      '@marcfargas/pi-heartbeat':
        specifier: ^0.0.1
        version: 0.0.1
      pi-commandcode-provider:
        specifier: ^0.5.1
        version: 0.5.1
      pi-mcp-adapter:
        specifier: ^2.26.1
        version: 2.26.1
      pi-shipit:
        specifier: ^1.0.1
        version: 1.0.1

packages:

  '@babel/runtime@7.29.7':
    resolution: {integrity: sha512-Nq8OhGWiZIZGV6hLHoyAKLLcJihP/xFeBMGJoUrxTX2psI8dCifzLhZISFb+VWS3wFMRDmCGw5R+dOySCqPLhw==}
    engines: {node: '>=6.9.0'}

  '@cad0p/napkin@0.14.0-20260820.1':
    resolution: {integrity: sha512-Mc34T00mtkymdRh98ieQ2U7LX2HvXMfTZ6jZ6Ad2SYMYc+yoHBeQ+U1/nD/uf1cIFGy5wyO54M0kFmXO3LoXCw==}
    hasBin: true

  '@cad0p/pi-bash-timeout@0.1.0-20260630.1':
    resolution: {integrity: sha512-vprx9cKy1+OUmPwrZgkjWgHgY5WjvIhVqDs/Xm1LnGtZPBqdD7b1tBewWJ2a8Qwd1GgX8++igJJnVYhfKn8E0Q==}
    peerDependencies:
      '@earendil-works/pi-coding-agent': '>=0.74.0'
      typebox: ^1.0.0

  '@cad0p/pi-fallback-provider@0.1.0-20260814.0':
    resolution: {integrity: sha512-ILHEok+TY9zjuqDtoVLzG9Rof0aUzgb15vo0TXJlk90xAJ7kDsu1yQUTR4uXDGUqpQtWm7wNHidqBEBSNcTeEA==}
    engines: {node: '>=20'}

  '@cad0p/pi-heartbeat@0.0.1-20260814.0':
    resolution: {integrity: sha512-x2amb8pGnpzhA1jug0dZLsoaFwH/OBfWi8IQ8GT+q2E0qtILWIQ+c12CuBxVup64AkJBJ1iZyTeRf6vl5VqUeA==}
    engines: {node: '>=22.19.0'}
    peerDependencies:
      '@earendil-works/pi-coding-agent': '>=0.84.0'

  '@cad0p/pi-napkin@0.7.2-20260820.0':
    resolution: {integrity: sha512-Q/VlOEsrpSj0RXvZkF3Tn7CJCJJanyTxTM6X1j3GKVBtfHTCbjwDWFal8IcylfIdgnvhm2ayPYPxd7dEtw225A==}
    peerDependencies:
      '@earendil-works/pi-coding-agent': '>=0.74.0'
      '@earendil-works/pi-tui': '>=0.74.0'
      '@sinclair/typebox': ^0.34.49

  '@cad0p/pi-pioneer-provider@0.2.3-20260622.0':
    resolution: {integrity: sha512-Su310o3P2Wqf0WyAAbeXgQnoDUtFIkNrg/NDkEwYiusn6dRHTn6vtchmPlv2KRQsRFZE+FcSPv4zKN5BTW/hQg==}
    peerDependencies:
      '@earendil-works/pi-ai': '*'
      '@earendil-works/pi-coding-agent': '*'

  '@cad0p/pi-provider-umans@1.4.0-20260814.1':
    resolution: {integrity: sha512-P2PR3PaYW0bU6FlaFKm9479o/SNvG3LokqQlEhmAGMqXGhcKKgqjR+7cltdMmZv5iG7+ShGXwezKqD//05fmRA==}
    engines: {node: '>=22.19.0'}

  '@cad0p/pi-steering@0.2.0-20260820.1':
    resolution: {integrity: sha512-DD4wTQ89MNzuH07bOi1gG01RvnfV3tjTfOYp4GaHbIwVvSLIlLKfRbbLQL/fVyepyykG8tS85nXoFgdCkS/BeQ==}
    engines: {node: '>=22.19.0'}
    hasBin: true
    peerDependencies:
      '@earendil-works/pi-coding-agent': '>=0.79.1'

  '@cad0p/pi-subagents-tintinweb@0.14.2-20260814.3':
    resolution: {integrity: sha512-P+I26m7NQVxLaABS3lYZhLT8UOqCbumBLktuhvdzJX4g8Npx6iaYJ3evkaD682tgjcJY0dwADCO4KYHsmh7Vcw==}
    engines: {node: '>=22.19.0'}
    peerDependencies:
      '@earendil-works/pi-ai': '>=0.80.0'
      '@earendil-works/pi-coding-agent': '>=0.80.0'
      '@earendil-works/pi-tui': '>=0.80.0'

  '@cad0p/pi-timestamps@0.2.0-20260813.0':
    resolution: {integrity: sha512-AFud9rxd7RRg7IQ/Kv37fNPlN512Gz5IFnXlI4PK8Aib2S1n82vHgl9N0i3LTScU5+xK0QfLFSS7iXEtgSOXbw==}
    peerDependencies:
      '@earendil-works/pi-coding-agent': '>=0.80.4'
      '@earendil-works/pi-tui': '>=0.80.4'

  '@cad0p/pi-tree-navigator@0.1.2-20260820.0':
    resolution: {integrity: sha512-1F/qQU9otM8MPDYPXNk5KjSYC+Lpwqcz98S2NcE/zqug2U8upQAZ/EknDwQfefP7JxjpYJslEgaoOP+b6qBOrw==}
    peerDependencies:
      '@earendil-works/pi-agent-core': '>=0.81.0'
      '@earendil-works/pi-coding-agent': '>=0.81.0'
      typebox: ^1.0.0

  '@cad0p/unbash-walker@0.1.0-20260816.0':
    resolution: {integrity: sha512-L9zZ155cl67J2EzJygenROj4ab/Uz6kEnjqE0jN0JXYRyQFxepXHqkM5DzLJuUjOpxzmawoHm6FD10/W2F9byg==}
    engines: {node: '>=22'}

  '@getpipher/vision@0.5.2':
    resolution: {integrity: sha512-frHkPWjsfG0ENaKxyDa5n3hwJkx3HsmrKVuMGp3OqSh/7oNUpsY2X5vt1RCbgmB71Kk7TNeCFu+opmwRUJ10cA==}
    engines: {node: '>=20'}
    peerDependencies:
      '@earendil-works/pi-coding-agent': '*'
      typebox: '*'

  '@marcfargas/pi-heartbeat@0.0.1':
    resolution: {integrity: sha512-V4wKjK5pzU9gplLyD5A6sb73hCTsmQY3mCGWiTz8ZlYl6SmFxt8FIL7WSlD7yxXjXJg8P+FPS65xNiwTVHECbg==}
    peerDependencies:
      '@mariozechner/pi-coding-agent': '>=0.50.0'

  '@modelcontextprotocol/client@2.0.0':
    resolution: {integrity: sha512-8f1OghQ2rjzIOfqgUCP+8GiUWqRs89njoWLNqAe8kWmDePv3s1fZXseej+QXemssEuuOvLLmLO/kqM3IQHtISw==}
    engines: {node: '>=20'}

  '@modelcontextprotocol/core@2.0.0':
    resolution: {integrity: sha512-pJCEwGG7Lfr/+PQp9ZTwKXNeO5wzbfKL7H3MYpCorM4oFBoQrdjnBgEoqG+RjhsvS1FKrDbKux+M1HhlnGWqcA==}
    engines: {node: '>=20'}

  '@modelcontextprotocol/ext-apps@1.7.4':
    resolution: {integrity: sha512-QQqysE549cf/Y0VabBmAACXhj92EhB3t8yVct2BHbkWiPTFA1S91EqTVjYXXcZEefXU0pmHcdObhsNMcomJIOQ==}
    engines: {node: '>=20'}
    peerDependencies:
      '@modelcontextprotocol/sdk': ^1.29.0
      react: ^17.0.0 || ^18.0.0 || ^19.0.0
      react-dom: ^17.0.0 || ^18.0.0 || ^19.0.0
      zod: ^3.25.0 || ^4.0.0
    peerDependenciesMeta:
      react:
        optional: true
      react-dom:
        optional: true

  '@napi-rs/keyring-darwin-arm64@1.3.0':
    resolution: {integrity: sha512-pl76hJvdYUBn6I24bXiOBMA9nbDapo3I5B+f3OorjDU4dUMSypXeKbOVehJe8fhgTiH24flMyTS3aAIy43xegQ==}
    engines: {node: '>= 10'}
    cpu: [arm64]
    os: [darwin]

  '@napi-rs/keyring-darwin-x64@1.3.0':
    resolution: {integrity: sha512-YcJtEV5LA3cvA4z3BurgxH5IhTsW1JfIvcAAcqcecwk06Si9F9NqkxbZVIfDwQ8oRHgaBmT3zZJnLAotCrVahw==}
    engines: {node: '>= 10'}
    cpu: [x64]
    os: [darwin]

  '@napi-rs/keyring-freebsd-x64@1.3.0':
    resolution: {integrity: sha512-vlLf31TGhfRAaxLDBhg8b89ss0HHD/lyNmL5F3UjSaz5CUXElsJmKYq9fqA/B+cZKUEUcLHHGhF0I/CqcFdaVw==}
    engines: {node: '>= 10'}
    cpu: [x64]
    os: [freebsd]

  '@napi-rs/keyring-linux-arm-gnueabihf@1.3.0':
    resolution: {integrity: sha512-KiWdMMu/Inz/bHHIAGrnF7r54FZDYXuHO6UFF/rhIrshUsxbMG1Rl9lEymNtqqsVo927G0VYcb02FzWQ3iBQRQ==}
    engines: {node: '>= 10'}
    cpu: [arm]
    os: [linux]

  '@napi-rs/keyring-linux-arm64-gnu@1.3.0':
    resolution: {integrity: sha512-eyKGpY40lm9Jvs1aD294XRH4y7+TlJM0YVAryZeXA6TX0mb4gMkxVXwSQv7MCwgah7raeUd0dKUb4BPAYIgcMg==}
    engines: {node: '>= 10'}
    cpu: [arm64]
    os: [linux]
    libc: [glibc]

  '@napi-rs/keyring-linux-arm64-musl@1.3.0':
    resolution: {integrity: sha512-iIK6JWHXAJqDrEyLY3TmswwloVyt2vj+04TZnew+uSJ9gnDO8EwRbp3/iw3LpWaXiDO7VomGO6y8I0Id8uBZSw==}
    engines: {node: '>= 10'}
    cpu: [arm64]
    os: [linux]
    libc: [musl]

  '@napi-rs/keyring-linux-riscv64-gnu@1.3.0':
    resolution: {integrity: sha512-/PGqrwn6EwgtK6vccASSXJRfOSP4vN1F4ASsIQ+7MdrK6hNvAJ1FZPrIuD5gGGdxezo3F++To2Wq7DbuGIeuNQ==}
    engines: {node: '>= 10'}
    cpu: [riscv64]
    os: [linux]
    libc: [glibc]

  '@napi-rs/keyring-linux-x64-gnu@1.3.0':
    resolution: {integrity: sha512-2PDK1WKWTu9lBGq9VvNEkSlQD3O7YwVpmnyN2M3cy4v7NJ/8gDMd9GXv3G+FVXN13uhp4gnnPBS+ScefmEeD2A==}
    engines: {node: '>= 10'}
    cpu: [x64]
    os: [linux]
    libc: [glibc]

  '@napi-rs/keyring-linux-x64-musl@1.3.0':
    resolution: {integrity: sha512-oJ2HkX8YUo46QBkn0pG+HuIKQNqr523q6vBobCn+P95s4C4K6/kLBqHY/1bg5J4ap31DzsznhnFKcfBNBsjCnw==}
    engines: {node: '>= 10'}
    cpu: [x64]
    os: [linux]
    libc: [musl]

  '@napi-rs/keyring-win32-arm64-msvc@1.3.0':
    resolution: {integrity: sha512-tOd3c/uAaeoE4ycVlmAdSvygz0Zt3zdca6Y7gokBeIbaRDWpjDIUOpU3MvML59XAaqyuKGsVVu0F/DZb1lHPmw==}
    engines: {node: '>= 10'}
    cpu: [arm64]
    os: [win32]

  '@napi-rs/keyring-win32-ia32-msvc@1.3.0':
    resolution: {integrity: sha512-sPSqeAFZMGqP1R++M2JTza7GQJJ/TpCo6JU6Vcd4jnebvOaEDs9b7eipakU1PJdSvhpC2yXMCNRk9gXfrhuwHQ==}
    engines: {node: '>= 10'}
    cpu: [ia32]
    os: [win32]

  '@napi-rs/keyring-win32-x64-msvc@1.3.0':
    resolution: {integrity: sha512-4DnCWXwDc0HRKwyRlG5y0VhKZW2tNRQfKKfyj6IX/KWfDNyq9hn4n+GL1auyDcOO/v8PwnhmYo2+rOOqCkvvOg==}
    engines: {node: '>= 10'}
    cpu: [x64]
    os: [win32]

  '@napi-rs/keyring@1.3.0':
    resolution: {integrity: sha512-WrOw/bcXm0f9qHkumlT1QlArXSTWqaY9sunsDpOk+yCCorCKMxvWT/a3xko4EYHVdeZoh00yI2TydXn6eyICDA==}
    engines: {node: '>= 10'}

  '@pkgr/core@0.1.2':
    resolution: {integrity: sha512-fdDH1LSGfZdTH2sxdpVMw31BanV28K/Gry0cVFxaNP77neJSkd82mM8ErPNYs9e+0O7SdHBLTDzDgwUuy18RnQ==}
    engines: {node: ^12.20.0 || ^14.18.0 || >=16.0.0}

  '@sinclair/typebox@0.34.52':
    resolution: {integrity: sha512-XiMQh7qqVlxZzcVD+kkGMNGMzcTrDMLWI7S4x7z1MkCkbDPrekpZXEUK0eZqZFMuHQg2a2DZOcDIh9o5v3Gonw==}

  '@standard-schema/spec@1.1.0':
    resolution: {integrity: sha512-l2aFy5jALhniG5HgqrD6jXLi/rUWrKvqN/qJx6yoJsgKhblVd+iqqU4RCXavm/jPityDo5TCvKMnpjKnOriy0w==}

  ajv-formats@3.0.1:
    resolution: {integrity: sha512-8iUql50EUR+uUcdRQ3HDqa6EVyo3docL8g5WJ3FNcWmu62IbkGUue/pEyLBW8VGKKucTPgqeks4fIU1DA4yowQ==}

  ajv@8.20.0:
    resolution: {integrity: sha512-Thbli+OlOj+iMPYFBVBfJ3OmCAnaSyNn4M1vz9T6Gka5Jt9ba/HIR56joy65tY6kx/FCF5VXNB819Y7/GUrBGA==}

  argparse@1.0.10:
    resolution: {integrity: sha512-o5Roy6tNG4SL/FOkCAN6RzjiakZS25RLYFrcMttJqbdd8BWrnA+fGz57iN5Pb06pvBGvl5gQ0B48dJlslXvoTg==}

  argparse@2.0.1:
    resolution: {integrity: sha512-8+9WqebbFzpX9OR+Wa6O29asIogeRMzcGtAINdpMHHyAg10f05aSFVBbcEqGf/PXw1EjAZ+q2/bEBg3DvurK3Q==}

  bundle-name@4.1.0:
    resolution: {integrity: sha512-tjwM5exMg6BGRI+kNmTntNsvdZS1X8BFYS6tnJ2hdH0kVxM6/eVZ2xy+FqStSWvYmtfFMDLIxurorHwDKfDz5Q==}
    engines: {node: '>=18'}

  chalk@5.6.2:
    resolution: {integrity: sha512-7NzBL0rN6fMUW+f7A6Io4h40qQlG+xGmtMxfbnH/K7TAtt8JQWVQK+6g0UXKMeVJoyV5EkkNsErQ8pVD3bLHbA==}
    engines: {node: ^12.17.0 || ^14.13 || >=16.0.0}

  commander@14.0.3:
    resolution: {integrity: sha512-H+y0Jo/T1RZ9qPP4Eh1pkcQcLRglraJaSLoyOtHxu6AapkjWVCy2Sit1QQ4x3Dng8qDlSsZEet7g5Pq06MvTgw==}
    engines: {node: '>=20'}

  croner@10.0.1:
    resolution: {integrity: sha512-ixNtAJndqh173VQ4KodSdJEI6nuioBWI0V1ITNKhZZsO0pEMoDxz539T4FTTbSZ/xIOSuDnzxLVRqBVSvPNE2g==}
    engines: {node: '>=18.0'}

  cross-spawn@7.0.6:
    resolution: {integrity: sha512-uV2QOWP2nWzsy2aMp8aRibhi9dlzF5Hgh5SHaB9OiTGEyDTiJJyx0uy51QXdyWbtAHNua4XJzUKca3OzKUd3vA==}
    engines: {node: '>= 8'}

  default-browser-id@5.0.1:
    resolution: {integrity: sha512-x1VCxdX4t+8wVfd1so/9w+vQ4vx7lKd2Qp5tDRutErwmR85OgmfX7RlLRMWafRMY7hbEiXIbudNrjOAPa/hL8Q==}
    engines: {node: '>=18'}

  default-browser@5.5.0:
    resolution: {integrity: sha512-H9LMLr5zwIbSxrmvikGuI/5KGhZ8E2zH3stkMgM5LpOWDutGM2JZaj460Udnf1a+946zc7YBgrqEWwbk7zHvGw==}
    engines: {node: '>=18'}

  define-lazy-prop@3.0.0:
    resolution: {integrity: sha512-N+MeXYoqr3pOgn8xfyRPREN7gHakLYjhsHhWGT3fWAiL4IkAt0iDw14QiiEm2bE30c5XX5q0FtAA3CK5f9/BUg==}
    engines: {node: '>=12'}

  esprima@4.0.1:
    resolution: {integrity: sha512-eGuFFw7Upda+g4p+QHvnW0RyTX/SVeJBDM/gCtMARO0cLuT2HcEKnTPvhjV6aGeqrCB/sbNop0Kszm0jsaWU4A==}
    engines: {node: '>=4'}
    hasBin: true

  eventsource-parser@3.1.0:
    resolution: {integrity: sha512-kJezFj9YFAMLeORyi7aCLxLbD5/qWMQnoMVlVPyHIll7lgRJCc3JVln9Vgl9nwQi0YkMnhdGTMNn7CkRRAptMg==}
    engines: {node: '>=18.0.0'}

  eventsource@3.0.7:
    resolution: {integrity: sha512-CRT1WTyuQoD771GW56XEZFQ/ZoSfWid1alKGDYMmkt2yl8UXrVR4pspqWNEcqKvVIzg6PAltWjxcSSPrboA4iA==}
    engines: {node: '>=18.0.0'}

  extend-shallow@2.0.1:
    resolution: {integrity: sha512-zCnTtlxNoAiDc3gqY2aYAWFx7XWWiasuF2K8Me5WbN8otHKTUKBwjPtNpRs/rbUZm7KxWAaNj7P1a/p52GbVug==}
    engines: {node: '>=0.10.0'}

  fast-deep-equal@3.1.3:
    resolution: {integrity: sha512-f3qQ9oQy9j2AhBe/H9VC91wLmKBCCU/gDOnKNAYG5hswO7BLKj09Hc5HYNz9cGI++xlpDCIgDaitVs03ATR84Q==}

  fast-uri@3.1.2:
    resolution: {integrity: sha512-rVjf7ArG3LTk+FS6Yw81V1DLuZl1bRbNrev6Tmd/9RaroeeRRJhAt7jg/6YFxbvAQXUCavSoZhPPj6oOx+5KjQ==}

  glimpseui@0.3.7:
    resolution: {integrity: sha512-dN+DV3SDemA0DtoOaIKtEdN6qg7UL7Jwjsm0tE3IyKGRFQqo3UYNtdrPG4lXCH7HUkol0WMihieVgnWofdy/cw==}
    engines: {node: '>=18'}
    os: [darwin]
    hasBin: true

  gray-matter@4.0.3:
    resolution: {integrity: sha512-5v6yZd4JK3eMI3FqqCouswVqwugaA9r4dNZB1wwcmrD02QkV5H0y7XBQW8QwQqEaZY1pM9aqORSORhJRdNK44Q==}
    engines: {node: '>=6.0'}

  ignore@7.0.6:
    resolution: {integrity: sha512-BAg6QkE8W+TuQLrrw0Ugr7HegXduRuuj8/ti2kSOc+jz1dmx8/WNcjr6XGnq5YpDWxFwwaavqD0+jIUOKelTsw==}
    engines: {node: '>= 4'}

  is-docker@3.0.0:
    resolution: {integrity: sha512-eljcgEDlEns/7AXFosB5K/2nCM4P7FQPkGc/DWLy5rmFEWvZayGrik1d9/QIY5nJ4f9YsVvBkA6kJpHn9rISdQ==}
    engines: {node: ^12.20.0 || ^14.13.1 || >=16.0.0}
    hasBin: true

  is-extendable@0.1.1:
    resolution: {integrity: sha512-5BMULNob1vgFX6EjQw5izWDxrecWK9AM72rugNr0TFldMOi0fj6Jk+zeKIt0xGj4cEfQIJth4w3OKWOJ4f+AFw==}
    engines: {node: '>=0.10.0'}

  is-inside-container@1.0.0:
    resolution: {integrity: sha512-KIYLCCJghfHZxqjYBE7rEy0OBuTd5xCHS7tHVgvCLkx7StIoaxwNW3hCALgEUjFfeRk+MG/Qxmp/vtETEF3tRA==}
    engines: {node: '>=14.16'}
    hasBin: true

  is-wsl@3.1.1:
    resolution: {integrity: sha512-e6rvdUCiQCAuumZslxRJWR/Doq4VpPR82kqclvcS0efgt430SlGIk05vdCN58+VrzgtIcfNODjozVielycD4Sw==}
    engines: {node: '>=16'}

  isexe@2.0.0:
    resolution: {integrity: sha512-RHxMLp9lnKHGHRng9QFhRCMbYAcVpn69smSGcq3f36xjgVVWThj4qqLbTLlq7Ssj8B+fIQ1EuCEGI2lKsyQeIw==}

  jexl@2.3.0:
    resolution: {integrity: sha512-ecqln4kTWNkMwbFvTukOMDq1jy1GcPzvshhMp/s4pxU86xdLDq7HbDRa87DfMfbSAOS8V6EwvCdfs0S+w/iycA==}

  jiti@2.7.0:
    resolution: {integrity: sha512-AC/7JofJvZGrrneWNaEnJeOLUx+JlGt7tNa0wZiRPT4MY1wmfKjt2+6O2p2uz2+skll8OZZmJMNqeke7kKbNgQ==}
    hasBin: true

  jose@6.2.3:
    resolution: {integrity: sha512-YYVDInQKFJfR/xa3ojUTl8c2KoTwiL1R5Wg9YCydwH0x0B9grbzlg5HC7mMjCtUJjbQ/YnGEZIhI5tCgfTb4Hw==}

  js-yaml@3.15.1:
    resolution: {integrity: sha512-S99WuO3HlhO3XN41EtYUNl9zzXjoJx7QvmipxsJVxtCBT0YHEFy+iOJhjSvrmV12nYhWpZaM8lPHkJm0yUMbag==}
    hasBin: true

  js-yaml@4.3.1:
    resolution: {integrity: sha512-CY6crGq313MX8GkwvB7tzgp99vjQxY1++5y10/BKN/GUfHqWaOGQMNZkBvqSzsZKWk/ijwHlWzzkLulsGHhjWQ==}
    hasBin: true

  json-schema-traverse@1.0.0:
    resolution: {integrity: sha512-NM8/P9n3XjXhIZn1lLhkFaACTOURQXjWhV4BA/RnOv8xvgqtqpAX9IO4mRQxSx1Rlo4tqzeqb0sOlruaOy3dug==}

  kind-of@6.0.3:
    resolution: {integrity: sha512-dcS1ul+9tmeD95T+x28/ehLgd9mENa3LsvDTtzm3vyBEO7RPptvAD+t44WVXaUjTBRcrpFeFlC8WCruUR456hw==}
    engines: {node: '>=0.10.0'}

  minisearch@7.2.0:
    resolution: {integrity: sha512-dqT2XBYUOZOiC5t2HRnwADjhNS2cecp9u+TJRiJ1Qp/f5qjkeT5APcGPjHw+bz89Ms8Jp+cG4AlE+QZ/QnDglg==}

  nanoid@5.1.16:
    resolution: {integrity: sha512-kVrnsrJqMR8+oLJnGEmSWw9BivK5mt7H3FZatVRjrc5wGqFYuBxX1yG7+A7Gi5AefkX6t/oCkizcQgpu0cY1dQ==}
    engines: {node: ^18 || >=20}
    hasBin: true

  open@10.2.0:
    resolution: {integrity: sha512-YgBpdJHPyQ2UE5x+hlSXcnejzAvD0b22U2OuAP+8OnlJT+PjWPxtgmGqKKc+RgTM63U9gN0YzrYc71R2WT/hTA==}
    engines: {node: '>=18'}

  path-key@3.1.1:
    resolution: {integrity: sha512-ojmeN0qd+y0jszEtoY48r0Peq5dwMEkIlCOu6Q5f41lfkswXuKtYrhgoTpLnyIcHm24Uhqx+5Tqm2InSwLhE6Q==}
    engines: {node: '>=8'}

  pi-commandcode-provider@0.5.1:
    resolution: {integrity: sha512-zP5FHRfA3gPtdbUk0MhgMrhEmhQaggfFby9ocbAj66UOZdx24iTZg81PmaALnHKt/bW5qxNC7xLT9B0k+9X/lA==}
    peerDependencies:
      '@earendil-works/pi-ai': '*'
      '@earendil-works/pi-coding-agent': '*'
    peerDependenciesMeta:
      '@earendil-works/pi-ai':
        optional: true
      '@earendil-works/pi-coding-agent':
        optional: true

  pi-mcp-adapter@2.26.1:
    resolution: {integrity: sha512-6/KDXIEPXTVM77274jAloxAo9AQSEy5EJ/7afIlUK2T8HOfeVapTJvwImvyChiIH+0gGShbFgnBK2BXFrjbj2w==}
    engines: {node: '>=20'}
    hasBin: true
    peerDependencies:
      '@earendil-works/pi-ai': ^0.84.1
      '@earendil-works/pi-tui': '*'
      typebox: '*'
    peerDependenciesMeta:
      '@earendil-works/pi-ai':
        optional: true
      '@earendil-works/pi-tui':
        optional: true
      typebox:
        optional: true

  pi-shipit@1.0.1:
    resolution: {integrity: sha512-fjoyML0TTjrx4AAAkwSDS5mF4zbf+rQhI/hV4aV9XyTHZFdMc3IT+FRmbH8Uyg/iXbN/g62A428DEV31y7hZNQ==}

  pkce-challenge@5.0.1:
    resolution: {integrity: sha512-wQ0b/W4Fr01qtpHlqSqspcj3EhBvimsdh0KlHhH8HRZnMsEa0ea2fTULOXOS9ccQr3om+GcGRk4e+isrZWV8qQ==}
    engines: {node: '>=16.20.0'}

  recheck-jar@4.5.0:
    resolution: {integrity: sha512-Ad7oCQmY8cQLzd3QVNXjzZ+S6MbImGhR4AaW2yiGzteOfMV45522rt6nSzFyt8p3mCEaMcm/4MoZrMSxUcCbrA==}

  recheck-linux-x64@4.5.0:
    resolution: {integrity: sha512-52kXsR/v+IbGIKYYFZfSZcgse/Ci9IA2HnuzrtvRRcfODkcUGe4n72ESQ8nOPwrdHFg9i4j9/YyPh1HWWgpJ6A==}
    cpu: [x64]
    os: [linux]

  recheck-macos-arm64@4.5.0:
    resolution: {integrity: sha512-qIyK3dRuLkORQvv0b59fZZRXweSmjjWaoA4K8Kgifz0anMBH4pqsDV6plBlgjcRmW9yC12wErIRzifREaKnk2w==}
    cpu: [arm64]
    os: [darwin]

  recheck-macos-x64@4.5.0:
    resolution: {integrity: sha512-1wp/eiLxcjC/Ex4wurlrS/LGzt8IiF4TiK5sEjldu4HVAKdNCnnmsS9a5vFpfcikDz4ZuZlLlTi1VbQTxHlwZg==}
    cpu: [x64]
    os: [darwin]

  recheck-windows-x64@4.5.0:
    resolution: {integrity: sha512-ekBKwAp0oKkMULn5zgmHEYLwSJfkfb95AbTtbDkQazNkqYw9PRD/mVyFUR6Ff2IeRyZI0gxy+N2AKBISWydhug==}
    cpu: [x64]
    os: [win32]

  recheck@4.5.0:
    resolution: {integrity: sha512-kPnbOV6Zfx9a25AZ++28fI1q78L/UVRQmmuazwVRPfiiqpMs+WbOU69Shx820XgfKWfak0JH75PUvZMFtRGSsw==}
    engines: {node: '>=20'}

  require-from-string@2.0.2:
    resolution: {integrity: sha512-Xf0nWe6RseziFMu+Ap9biiUbmplq6S9/p+7w7YXP/JBHhrUDDUhwa+vANyubuqfZWTveU//DYVGsDG7RKL/vEw==}
    engines: {node: '>=0.10.0'}

  run-applescript@7.1.0:
    resolution: {integrity: sha512-DPe5pVFaAsinSaV6QjQ6gdiedWDcRCbUuiQfQa2wmWV7+xC9bGulGI8+TdRmoFkAPaBXk8CrAbnlY2ISniJ47Q==}
    engines: {node: '>=18'}

  section-matter@1.0.0:
    resolution: {integrity: sha512-vfD3pmTzGpufjScBh50YHKzEu2lxBWhVEHsNGoEXmCmn2hKGfeNLYMzCJpe8cD7gqX7TJluOVpBkAequ6dgMmA==}
    engines: {node: '>=4'}

  shebang-command@2.0.0:
    resolution: {integrity: sha512-kHxr2zZpYtdmrN1qDjrrX/Z1rR1kG8Dx+gkpK1G4eXmvXswmcE1hTWBWYUzlraYw1/yZp6YuDY77YtvbN0dmDA==}
    engines: {node: '>=8'}

  shebang-regex@3.0.0:
    resolution: {integrity: sha512-7++dFhtcx3353uBaq8DDR4NuxBetBzC7ZQOhmTQInHEd6bSrXdiEyzCvG07Z44UYdLShWUyXt5M/yhz8ekcb1A==}
    engines: {node: '>=8'}

  smol-toml@1.7.0:
    resolution: {integrity: sha512-aqVvWoyO21L23mb+drl4RmMXbf6N7FdHjAhTRA9ZBL7apWBgfWC16KjrASI+1p9GAroljyMHj6fK67i0UiTNvQ==}
    engines: {node: '>= 18'}

  sprintf-js@1.0.3:
    resolution: {integrity: sha512-D9cPgkvLlV3t3IzL0D0YLvGA9Ahk4PcvVwUbN0dSGr1aP0Nrt4AEnTUbuGvquEC0mA64Gqt1fzirlRs5ibXx8g==}

  sql.js@1.14.1:
    resolution: {integrity: sha512-gcj8zBWU5cFsi9WUP+4bFNXAyF1iRpA3LLyS/DP5xlrNzGmPIizUeBggKa8DbDwdqaKwUcTEnChtd2grWo/x/A==}

  strip-bom-string@1.0.0:
    resolution: {integrity: sha512-uCC2VHvQRYu+lMh4My/sFNmF2klFymLX1wHJeXnbEJERpV/ZsVuonzerjfrGpIGF7LBVa1O7i9kjiWvJiFck8g==}
    engines: {node: '>=0.10.0'}

  strip-json-comments@5.0.3:
    resolution: {integrity: sha512-1tB5mhVo7U+ETBKNf92xT4hrQa3pm0MZ0PQvuDnWgAAGHDsfp4lPSpiS6psrSiet87wyGPh9ft6wmhOMQ0hDiw==}
    engines: {node: '>=14.16'}

  synckit@0.9.2:
    resolution: {integrity: sha512-vrozgXDQwYO72vHjUb/HnFbQx1exDjoKzqx23aXEg2a9VIg2TSFZ8FmeZpTjUCFMYw7mpX4BE2SFu8wI7asYsw==}
    engines: {node: ^14.18.0 || >=16.0.0}

  tslib@2.8.1:
    resolution: {integrity: sha512-oJFu94HQb+KVduSUQL7wnpmqnfmLsOA/nAh6b6EH0wCEoK0/mPeXU6c3wKDV83MkOuHPRHtSXKKU99IBazS/2w==}

  unbash@3.0.0:
    resolution: {integrity: sha512-FeFPZ/WFT0mbRCuydiZzpPFlrYN8ZUpphQKoq4EeElVIYjYyGzPMxQR/simUwCOJIyVhpFk4RbtyO7RuMpMnHA==}
    engines: {node: '>=14'}

  which@2.0.2:
    resolution: {integrity: sha512-BLI3Tl1TW3Pvl70l3yq3Y64i+awpwXqsGBYWkkqMtnbXgrMD+yj7rhW0kuEDxzJaYXGjEW5ogapKNMEKNMjibA==}
    engines: {node: '>= 8'}
    hasBin: true

  wsl-utils@0.1.0:
    resolution: {integrity: sha512-h3Fbisa2nKGPxCpm89Hk33lBLsnaGBvctQopaBSOW/uIs6FTe1ATyAnKFJrzVs9vpGdsTe73WF3V4lIsk4Gacw==}
    engines: {node: '>=18'}

  zod@4.4.3:
    resolution: {integrity: sha512-ytENFjIJFl2UwYglde2jchW2Hwm4GJFLDiSXWdTrJQBIN9Fcyp7n4DhxJEiWNAJMV1/BqWfW/kkg71UDcHJyTQ==}

snapshots:

  '@babel/runtime@7.29.7': {}

  '@cad0p/napkin@0.14.0-20260820.1':
    dependencies:
      chalk: 5.6.2
      commander: 14.0.3
      gray-matter: 4.0.3
      ignore: 7.0.6
      jexl: 2.3.0
      js-yaml: 4.3.1
      minisearch: 7.2.0
      sql.js: 1.14.1
    optionalDependencies:
      glimpseui: 0.3.7

  '@cad0p/pi-bash-timeout@0.1.0-20260630.1': {}

  '@cad0p/pi-fallback-provider@0.1.0-20260814.0': {}

  '@cad0p/pi-heartbeat@0.0.1-20260814.0': {}

  '@cad0p/pi-napkin@0.7.2-20260820.0(@sinclair/typebox@0.34.52)':
    dependencies:
      '@cad0p/napkin': 0.14.0-20260820.1
      '@sinclair/typebox': 0.34.52

  '@cad0p/pi-pioneer-provider@0.2.3-20260622.0': {}

  '@cad0p/pi-provider-umans@1.4.0-20260814.1': {}

  '@cad0p/pi-steering@0.2.0-20260820.1':
    dependencies:
      '@cad0p/unbash-walker': 0.1.0-20260816.0
      jiti: 2.7.0
      unbash: 3.0.0

  '@cad0p/pi-subagents-tintinweb@0.14.2-20260814.3':
    dependencies:
      '@sinclair/typebox': 0.34.52
      croner: 10.0.1
      nanoid: 5.1.16

  '@cad0p/pi-timestamps@0.2.0-20260813.0': {}

  '@cad0p/pi-tree-navigator@0.1.2-20260820.0': {}

  '@cad0p/unbash-walker@0.1.0-20260816.0':
    dependencies:
      unbash: 3.0.0

  '@getpipher/vision@0.5.2': {}

  '@marcfargas/pi-heartbeat@0.0.1': {}

  '@modelcontextprotocol/client@2.0.0':
    dependencies:
      '@modelcontextprotocol/core': 2.0.0
      cross-spawn: 7.0.6
      eventsource: 3.0.7
      eventsource-parser: 3.1.0
      jose: 6.2.3
      pkce-challenge: 5.0.1
      zod: 4.4.3

  '@modelcontextprotocol/core@2.0.0':
    dependencies:
      zod: 4.4.3

  '@modelcontextprotocol/ext-apps@1.7.4(zod@4.4.3)':
    dependencies:
      '@standard-schema/spec': 1.1.0
      zod: 4.4.3

  '@napi-rs/keyring-darwin-arm64@1.3.0':
    optional: true

  '@napi-rs/keyring-darwin-x64@1.3.0':
    optional: true

  '@napi-rs/keyring-freebsd-x64@1.3.0':
    optional: true

  '@napi-rs/keyring-linux-arm-gnueabihf@1.3.0':
    optional: true

  '@napi-rs/keyring-linux-arm64-gnu@1.3.0':
    optional: true

  '@napi-rs/keyring-linux-arm64-musl@1.3.0':
    optional: true

  '@napi-rs/keyring-linux-riscv64-gnu@1.3.0':
    optional: true

  '@napi-rs/keyring-linux-x64-gnu@1.3.0':
    optional: true

  '@napi-rs/keyring-linux-x64-musl@1.3.0':
    optional: true

  '@napi-rs/keyring-win32-arm64-msvc@1.3.0':
    optional: true

  '@napi-rs/keyring-win32-ia32-msvc@1.3.0':
    optional: true

  '@napi-rs/keyring-win32-x64-msvc@1.3.0':
    optional: true

  '@napi-rs/keyring@1.3.0':
    optionalDependencies:
      '@napi-rs/keyring-darwin-arm64': 1.3.0
      '@napi-rs/keyring-darwin-x64': 1.3.0
      '@napi-rs/keyring-freebsd-x64': 1.3.0
      '@napi-rs/keyring-linux-arm-gnueabihf': 1.3.0
      '@napi-rs/keyring-linux-arm64-gnu': 1.3.0
      '@napi-rs/keyring-linux-arm64-musl': 1.3.0
      '@napi-rs/keyring-linux-riscv64-gnu': 1.3.0
      '@napi-rs/keyring-linux-x64-gnu': 1.3.0
      '@napi-rs/keyring-linux-x64-musl': 1.3.0
      '@napi-rs/keyring-win32-arm64-msvc': 1.3.0
      '@napi-rs/keyring-win32-ia32-msvc': 1.3.0
      '@napi-rs/keyring-win32-x64-msvc': 1.3.0

  '@pkgr/core@0.1.2': {}

  '@sinclair/typebox@0.34.52': {}

  '@standard-schema/spec@1.1.0': {}

  ajv-formats@3.0.1:
    dependencies:
      ajv: 8.20.0

  ajv@8.20.0:
    dependencies:
      fast-deep-equal: 3.1.3
      fast-uri: 3.1.2
      json-schema-traverse: 1.0.0
      require-from-string: 2.0.2

  argparse@1.0.10:
    dependencies:
      sprintf-js: 1.0.3

  argparse@2.0.1: {}

  bundle-name@4.1.0:
    dependencies:
      run-applescript: 7.1.0

  chalk@5.6.2: {}

  commander@14.0.3: {}

  croner@10.0.1: {}

  cross-spawn@7.0.6:
    dependencies:
      path-key: 3.1.1
      shebang-command: 2.0.0
      which: 2.0.2

  default-browser-id@5.0.1: {}

  default-browser@5.5.0:
    dependencies:
      bundle-name: 4.1.0
      default-browser-id: 5.0.1

  define-lazy-prop@3.0.0: {}

  esprima@4.0.1: {}

  eventsource-parser@3.1.0: {}

  eventsource@3.0.7:
    dependencies:
      eventsource-parser: 3.1.0

  extend-shallow@2.0.1:
    dependencies:
      is-extendable: 0.1.1

  fast-deep-equal@3.1.3: {}

  fast-uri@3.1.2: {}

  glimpseui@0.3.7:
    optional: true

  gray-matter@4.0.3:
    dependencies:
      js-yaml: 3.15.1
      kind-of: 6.0.3
      section-matter: 1.0.0
      strip-bom-string: 1.0.0

  ignore@7.0.6: {}

  is-docker@3.0.0: {}

  is-extendable@0.1.1: {}

  is-inside-container@1.0.0:
    dependencies:
      is-docker: 3.0.0

  is-wsl@3.1.1:
    dependencies:
      is-inside-container: 1.0.0

  isexe@2.0.0: {}

  jexl@2.3.0:
    dependencies:
      '@babel/runtime': 7.29.7

  jiti@2.7.0: {}

  jose@6.2.3: {}

  js-yaml@3.15.1:
    dependencies:
      argparse: 1.0.10
      esprima: 4.0.1

  js-yaml@4.3.1:
    dependencies:
      argparse: 2.0.1

  json-schema-traverse@1.0.0: {}

  kind-of@6.0.3: {}

  minisearch@7.2.0: {}

  nanoid@5.1.16: {}

  open@10.2.0:
    dependencies:
      default-browser: 5.5.0
      define-lazy-prop: 3.0.0
      is-inside-container: 1.0.0
      wsl-utils: 0.1.0

  path-key@3.1.1: {}

  pi-commandcode-provider@0.5.1: {}

  pi-mcp-adapter@2.26.1:
    dependencies:
      '@modelcontextprotocol/client': 2.0.0
      '@modelcontextprotocol/core': 2.0.0
      '@modelcontextprotocol/ext-apps': 1.7.4(zod@4.4.3)
      '@napi-rs/keyring': 1.3.0
      ajv: 8.20.0
      ajv-formats: 3.0.1
      cross-spawn: 7.0.6
      open: 10.2.0
      recheck: 4.5.0
      smol-toml: 1.7.0
      strip-json-comments: 5.0.3
      zod: 4.4.3
    transitivePeerDependencies:
      - '@modelcontextprotocol/sdk'
      - react
      - react-dom

  pi-shipit@1.0.1: {}

  pkce-challenge@5.0.1: {}

  recheck-jar@4.5.0:
    optional: true

  recheck-linux-x64@4.5.0:
    optional: true

  recheck-macos-arm64@4.5.0:
    optional: true

  recheck-macos-x64@4.5.0:
    optional: true

  recheck-windows-x64@4.5.0:
    optional: true

  recheck@4.5.0:
    dependencies:
      synckit: 0.9.2
    optionalDependencies:
      recheck-jar: 4.5.0
      recheck-linux-x64: 4.5.0
      recheck-macos-arm64: 4.5.0
      recheck-macos-x64: 4.5.0
      recheck-windows-x64: 4.5.0

  require-from-string@2.0.2: {}

  run-applescript@7.1.0: {}

  section-matter@1.0.0:
    dependencies:
      extend-shallow: 2.0.1
      kind-of: 6.0.3

  shebang-command@2.0.0:
    dependencies:
      shebang-regex: 3.0.0

  shebang-regex@3.0.0: {}

  smol-toml@1.7.0: {}

  sprintf-js@1.0.3: {}

  sql.js@1.14.1: {}

  strip-bom-string@1.0.0: {}

  strip-json-comments@5.0.3: {}

  synckit@0.9.2:
    dependencies:
      '@pkgr/core': 0.1.2
      tslib: 2.8.1

  tslib@2.8.1: {}

  unbash@3.0.0: {}

  which@2.0.2:
    dependencies:
      isexe: 2.0.0

  wsl-utils@0.1.0:
    dependencies:
      is-wsl: 3.1.1

  zod@4.4.3: {}
