lockfileVersion: '9.0'

settings:
  autoInstallPeers: false
  excludeLinksFromLockfile: false

importers:

  .:
    dependencies:
      '@cad0p/pi-bash-timeout':
        specifier: 0.1.0-20260630.1
        version: 0.1.0-20260630.1
      '@cad0p/pi-fallback-provider':
        specifier: 0.2.0-20261006.0
        version: 0.2.0-20261006.0
      '@cad0p/pi-heartbeat':
        specifier: 0.0.1-20260814.0
        version: 0.0.1-20260814.0
      '@cad0p/pi-napkin':
        specifier: 0.7.3-20261004.0
        version: 0.7.3-20261004.0
      '@cad0p/pi-pioneer-provider':
        specifier: 0.2.3-20260622.0
        version: 0.2.3-20260622.0
      '@cad0p/pi-provider-umans':
        specifier: 1.4.0-20260814.1
        version: 1.4.0-20260814.1
      '@cad0p/pi-steering':
        specifier: 0.2.0-20260908.1
        version: 0.2.0-20260908.1
      '@cad0p/pi-subagents-tintinweb':
        specifier: 0.14.2-20261006.5
        version: 0.14.2-20261006.5
      '@cad0p/pi-timestamps':
        specifier: 0.2.0-20260813.0
        version: 0.2.0-20260813.0
      '@cad0p/pi-tree-navigator':
        specifier: 0.2.0-20261007.0
        version: 0.2.0-20261007.0
      '@getpipher/vision':
        specifier: ^0.5.3
        version: 0.5.3
      '@marcfargas/pi-heartbeat':
        specifier: ^0.0.1
        version: 0.0.1
      mitsupi:
        specifier: github:mitsuhiko/agent-stuff
        version: https://codeload.github.com/mitsuhiko/agent-stuff/tar.gz/0865c849befd2021490679f96a8dee58c84ac857
      pi-context-view:
        specifier: ^0.6.0
        version: 0.6.0
      pi-shipit:
        specifier: ^1.0.1
        version: 1.0.1

packages:

  '@babel/runtime@7.29.7':
    resolution: {integrity: sha512-Nq8OhGWiZIZGV6hLHoyAKLLcJihP/xFeBMGJoUrxTX2psI8dCifzLhZISFb+VWS3wFMRDmCGw5R+dOySCqPLhw==}
    engines: {node: '>=6.9.0'}

  '@cad0p/napkin@0.14.0-20260820.1':
    resolution: {integrity: sha512-Mc34T00mtkymdRh98ieQ2U7LX2HvXMfTZ6jZ6Ad2SYMYc+yoHBeQ+U1/nD/uf1cIFGy5wyO54M0kFmXO3LoXCw==}
    hasBin: true

  '@cad0p/pi-bash-timeout@0.1.0-20260630.1':
    resolution: {integrity: sha512-vprx9cKy1+OUmPwrZgkjWgHgY5WjvIhVqDs/Xm1LnGtZPBqdD7b1tBewWJ2a8Qwd1GgX8++igJJnVYhfKn8E0Q==}
    peerDependencies:
      '@earendil-works/pi-coding-agent': '>=0.74.0'
      typebox: ^1.0.0

  '@cad0p/pi-fallback-provider@0.2.0-20261006.0':
    resolution: {integrity: sha512-xy8/ZKNp5REZ1De6eIs1lFS7reY3c2o8qzuK69M2auX8poUccFPsty2MYxjCNY1nTXvE8PB7ojp9Sh/GiHhaIw==}
    engines: {node: '>=22.19.0'}

  '@cad0p/pi-heartbeat@0.0.1-20260814.0':
    resolution: {integrity: sha512-x2amb8pGnpzhA1jug0dZLsoaFwH/OBfWi8IQ8GT+q2E0qtILWIQ+c12CuBxVup64AkJBJ1iZyTeRf6vl5VqUeA==}
    engines: {node: '>=22.19.0'}
    peerDependencies:
      '@earendil-works/pi-coding-agent': '>=0.84.0'

  '@cad0p/pi-napkin@0.7.3-20261004.0':
    resolution: {integrity: sha512-vhSaTbOgEOxtiL80ltUnF7vnCwkPS8ZmB3iAdEOHQ2UrbvmtPlXhNlkLK/OFFxdPlmu6HSsbrr01mruROKBWTg==}
    peerDependencies:
      '@earendil-works/pi-coding-agent': '>=0.74.0'
      '@earendil-works/pi-tui': '>=0.74.0'
      '@sinclair/typebox': ^0.34.49

  '@cad0p/pi-pioneer-provider@0.2.3-20260622.0':
    resolution: {integrity: sha512-Su310o3P2Wqf0WyAAbeXgQnoDUtFIkNrg/NDkEwYiusn6dRHTn6vtchmPlv2KRQsRFZE+FcSPv4zKN5BTW/hQg==}
    peerDependencies:
      '@earendil-works/pi-ai': '*'
      '@earendil-works/pi-coding-agent': '*'

  '@cad0p/pi-provider-umans@1.4.0-20260814.1':
    resolution: {integrity: sha512-P2PR3PaYW0bU6FlaFKm9479o/SNvG3LokqQlEhmAGMqXGhcKKgqjR+7cltdMmZv5iG7+ShGXwezKqD//05fmRA==}
    engines: {node: '>=22.19.0'}

  '@cad0p/pi-steering@0.2.0-20260908.1':
    resolution: {integrity: sha512-5AW7YgtOlypVvIWb766+iDTdiDAIQBakRjCg+ol1/y+ugnA/Y/yatRDTo+/+MN3mbabrXk6ggpGPRXkHBKmItA==}
    engines: {node: '>=22.19.0'}
    hasBin: true
    peerDependencies:
      '@earendil-works/pi-coding-agent': '>=0.79.1'

  '@cad0p/pi-subagents-tintinweb@0.14.2-20261006.5':
    resolution: {integrity: sha512-lBX3yPrItyZ6TROGUIaCNpjAGYOc3mVwA8rBGQmLU+dbzVw0GtEaDg35ZUMV8Ltn4oh9sMXU79i023TdKKi3Ag==}
    engines: {node: '>=22.19.0'}
    peerDependencies:
      '@earendil-works/pi-ai': '>=1.0.4'
      '@earendil-works/pi-coding-agent': '>=1.0.4'
      '@earendil-works/pi-tui': '>=1.0.4'
      '@sinclair/typebox': '*'

  '@cad0p/pi-timestamps@0.2.0-20260813.0':
    resolution: {integrity: sha512-AFud9rxd7RRg7IQ/Kv37fNPlN512Gz5IFnXlI4PK8Aib2S1n82vHgl9N0i3LTScU5+xK0QfLFSS7iXEtgSOXbw==}
    peerDependencies:
      '@earendil-works/pi-coding-agent': '>=0.80.4'
      '@earendil-works/pi-tui': '>=0.80.4'

  '@cad0p/pi-tree-navigator@0.2.0-20261007.0':
    resolution: {integrity: sha512-2cOhfJgAnnugbyWHIzBrkCOuoEhE0uxymlrEYQhxNTi6CU6TrbMcTs79bqUuGvn5P3ImaB86PUz/okfir/YtTA==}
    peerDependencies:
      '@earendil-works/pi-agent-core': '>=0.81.0'
      '@earendil-works/pi-coding-agent': '>=0.81.0'
      '@earendil-works/pi-tui': '>=0.81.0'
      typebox: ^1.0.0

  '@cad0p/unbash-walker@0.1.0-20260904.0':
    resolution: {integrity: sha512-FWstcWAriXgYnLJZcyj1E2ExRvYDku3CARRorQX1ROVFRjbjfN4QaiQ1LumpXbPa4MtoZAAqnX+yc1m2LM8ZUw==}
    engines: {node: '>=22'}

  '@getpipher/vision@0.5.3':
    resolution: {integrity: sha512-nInSwMc+XSylMWAcK5LhoHi0N6zxA4R2dy99byDGph49kHL0Tcym7qj41zT52m9oi2lIQsTglBMnhXb5vCTtiw==}
    engines: {node: '>=20'}
    peerDependencies:
      '@earendil-works/pi-coding-agent': '*'
      typebox: '*'

  '@marcfargas/pi-heartbeat@0.0.1':
    resolution: {integrity: sha512-V4wKjK5pzU9gplLyD5A6sb73hCTsmQY3mCGWiTz8ZlYl6SmFxt8FIL7WSlD7yxXjXJg8P+FPS65xNiwTVHECbg==}
    peerDependencies:
      '@mariozechner/pi-coding-agent': '>=0.50.0'

  argparse@1.0.10:
    resolution: {integrity: sha512-o5Roy6tNG4SL/FOkCAN6RzjiakZS25RLYFrcMttJqbdd8BWrnA+fGz57iN5Pb06pvBGvl5gQ0B48dJlslXvoTg==}

  argparse@2.0.1:
    resolution: {integrity: sha512-8+9WqebbFzpX9OR+Wa6O29asIogeRMzcGtAINdpMHHyAg10f05aSFVBbcEqGf/PXw1EjAZ+q2/bEBg3DvurK3Q==}

  chalk@5.6.2:
    resolution: {integrity: sha512-7NzBL0rN6fMUW+f7A6Io4h40qQlG+xGmtMxfbnH/K7TAtt8JQWVQK+6g0UXKMeVJoyV5EkkNsErQ8pVD3bLHbA==}
    engines: {node: ^12.17.0 || ^14.13 || >=16.0.0}

  commander@14.0.3:
    resolution: {integrity: sha512-H+y0Jo/T1RZ9qPP4Eh1pkcQcLRglraJaSLoyOtHxu6AapkjWVCy2Sit1QQ4x3Dng8qDlSsZEet7g5Pq06MvTgw==}
    engines: {node: '>=20'}

  croner@10.0.1:
    resolution: {integrity: sha512-ixNtAJndqh173VQ4KodSdJEI6nuioBWI0V1ITNKhZZsO0pEMoDxz539T4FTTbSZ/xIOSuDnzxLVRqBVSvPNE2g==}
    engines: {node: '>=18.0'}

  diff@8.0.4:
    resolution: {integrity: sha512-DPi0FmjiSU5EvQV0++GFDOJ9ASQUVFh5kD+OzOnYdi7n3Wpm9hWWGfB/O2blfHcMVTL5WkQXSnRiK9makhrcnw==}
    engines: {node: '>=0.3.1'}

  esprima@4.0.1:
    resolution: {integrity: sha512-eGuFFw7Upda+g4p+QHvnW0RyTX/SVeJBDM/gCtMARO0cLuT2HcEKnTPvhjV6aGeqrCB/sbNop0Kszm0jsaWU4A==}
    engines: {node: '>=4'}
    hasBin: true

  extend-shallow@2.0.1:
    resolution: {integrity: sha512-zCnTtlxNoAiDc3gqY2aYAWFx7XWWiasuF2K8Me5WbN8otHKTUKBwjPtNpRs/rbUZm7KxWAaNj7P1a/p52GbVug==}
    engines: {node: '>=0.10.0'}

  glimpseui@0.3.7:
    resolution: {integrity: sha512-dN+DV3SDemA0DtoOaIKtEdN6qg7UL7Jwjsm0tE3IyKGRFQqo3UYNtdrPG4lXCH7HUkol0WMihieVgnWofdy/cw==}
    engines: {node: '>=18'}
    os: [darwin]
    hasBin: true

  gray-matter@4.0.3:
    resolution: {integrity: sha512-5v6yZd4JK3eMI3FqqCouswVqwugaA9r4dNZB1wwcmrD02QkV5H0y7XBQW8QwQqEaZY1pM9aqORSORhJRdNK44Q==}
    engines: {node: '>=6.0'}

  ignore@7.0.6:
    resolution: {integrity: sha512-BAg6QkE8W+TuQLrrw0Ugr7HegXduRuuj8/ti2kSOc+jz1dmx8/WNcjr6XGnq5YpDWxFwwaavqD0+jIUOKelTsw==}
    engines: {node: '>= 4'}

  is-extendable@0.1.1:
    resolution: {integrity: sha512-5BMULNob1vgFX6EjQw5izWDxrecWK9AM72rugNr0TFldMOi0fj6Jk+zeKIt0xGj4cEfQIJth4w3OKWOJ4f+AFw==}
    engines: {node: '>=0.10.0'}

  jexl@2.3.0:
    resolution: {integrity: sha512-ecqln4kTWNkMwbFvTukOMDq1jy1GcPzvshhMp/s4pxU86xdLDq7HbDRa87DfMfbSAOS8V6EwvCdfs0S+w/iycA==}

  jiti@2.7.0:
    resolution: {integrity: sha512-AC/7JofJvZGrrneWNaEnJeOLUx+JlGt7tNa0wZiRPT4MY1wmfKjt2+6O2p2uz2+skll8OZZmJMNqeke7kKbNgQ==}
    hasBin: true

  js-yaml@3.15.1:
    resolution: {integrity: sha512-S99WuO3HlhO3XN41EtYUNl9zzXjoJx7QvmipxsJVxtCBT0YHEFy+iOJhjSvrmV12nYhWpZaM8lPHkJm0yUMbag==}
    hasBin: true

  js-yaml@4.3.1:
    resolution: {integrity: sha512-CY6crGq313MX8GkwvB7tzgp99vjQxY1++5y10/BKN/GUfHqWaOGQMNZkBvqSzsZKWk/ijwHlWzzkLulsGHhjWQ==}
    hasBin: true

  kind-of@6.0.3:
    resolution: {integrity: sha512-dcS1ul+9tmeD95T+x28/ehLgd9mENa3LsvDTtzm3vyBEO7RPptvAD+t44WVXaUjTBRcrpFeFlC8WCruUR456hw==}
    engines: {node: '>=0.10.0'}

  minisearch@7.2.0:
    resolution: {integrity: sha512-dqT2XBYUOZOiC5t2HRnwADjhNS2cecp9u+TJRiJ1Qp/f5qjkeT5APcGPjHw+bz89Ms8Jp+cG4AlE+QZ/QnDglg==}

  mitsupi@https://codeload.github.com/mitsuhiko/agent-stuff/tar.gz/0865c849befd2021490679f96a8dee58c84ac857:
    resolution: {gitHosted: true, integrity: sha512-4uNpf2WuvEY5DzVa87/Hte76lxc5FFU9eQkIBjsU1/1d5KE3b7717TCTfvouu8YB5rcuqB6erxGAA9z23Rqs8A==, tarball: https://codeload.github.com/mitsuhiko/agent-stuff/tar.gz/0865c849befd2021490679f96a8dee58c84ac857}
    version: 1.6.0
    peerDependencies:
      '@earendil-works/pi-ai': '*'
      '@earendil-works/pi-coding-agent': '*'
      '@earendil-works/pi-tui': '*'
      typebox: '*'

  nanoid@5.1.16:
    resolution: {integrity: sha512-kVrnsrJqMR8+oLJnGEmSWw9BivK5mt7H3FZatVRjrc5wGqFYuBxX1yG7+A7Gi5AefkX6t/oCkizcQgpu0cY1dQ==}
    engines: {node: ^18 || >=20}
    hasBin: true

  pi-context-view@0.6.0:
    resolution: {integrity: sha512-Ngo1m+3lzyi4AE1WxYW2MRKOAYdzvL3XcZSmJg27fqAlJPuDM3Rnp+rqheFBe3ElX+wsK4xZuv1CaZb+FrFKRA==}
    engines: {node: '>=22.19.0'}
    peerDependencies:
      '@earendil-works/pi-coding-agent': '*'
      '@earendil-works/pi-tui': '*'

  pi-shipit@1.0.1:
    resolution: {integrity: sha512-fjoyML0TTjrx4AAAkwSDS5mF4zbf+rQhI/hV4aV9XyTHZFdMc3IT+FRmbH8Uyg/iXbN/g62A428DEV31y7hZNQ==}

  section-matter@1.0.0:
    resolution: {integrity: sha512-vfD3pmTzGpufjScBh50YHKzEu2lxBWhVEHsNGoEXmCmn2hKGfeNLYMzCJpe8cD7gqX7TJluOVpBkAequ6dgMmA==}
    engines: {node: '>=4'}

  sprintf-js@1.0.3:
    resolution: {integrity: sha512-D9cPgkvLlV3t3IzL0D0YLvGA9Ahk4PcvVwUbN0dSGr1aP0Nrt4AEnTUbuGvquEC0mA64Gqt1fzirlRs5ibXx8g==}

  sql.js@1.14.1:
    resolution: {integrity: sha512-gcj8zBWU5cFsi9WUP+4bFNXAyF1iRpA3LLyS/DP5xlrNzGmPIizUeBggKa8DbDwdqaKwUcTEnChtd2grWo/x/A==}

  strip-bom-string@1.0.0:
    resolution: {integrity: sha512-uCC2VHvQRYu+lMh4My/sFNmF2klFymLX1wHJeXnbEJERpV/ZsVuonzerjfrGpIGF7LBVa1O7i9kjiWvJiFck8g==}
    engines: {node: '>=0.10.0'}

  unbash@3.0.0:
    resolution: {integrity: sha512-FeFPZ/WFT0mbRCuydiZzpPFlrYN8ZUpphQKoq4EeElVIYjYyGzPMxQR/simUwCOJIyVhpFk4RbtyO7RuMpMnHA==}
    engines: {node: '>=14'}

  unbash@4.0.11:
    resolution: {integrity: sha512-FoSOKV7NEofQSkAefMVHam4ZPKYMxjAydxiV72UFEDNV/YofxjGfiZ2A9pZjdL/lRJzTjcu4PABo1JYJX8N5iQ==}
    engines: {node: '>=14'}

snapshots:

  '@babel/runtime@7.29.7': {}

  '@cad0p/napkin@0.14.0-20260820.1':
    dependencies:
      chalk: 5.6.2
      commander: 14.0.3
      gray-matter: 4.0.3
      ignore: 7.0.6
      jexl: 2.3.0
      js-yaml: 4.3.1
      minisearch: 7.2.0
      sql.js: 1.14.1
    optionalDependencies:
      glimpseui: 0.3.7

  '@cad0p/pi-bash-timeout@0.1.0-20260630.1': {}

  '@cad0p/pi-fallback-provider@0.2.0-20261006.0': {}

  '@cad0p/pi-heartbeat@0.0.1-20260814.0': {}

  '@cad0p/pi-napkin@0.7.3-20261004.0':
    dependencies:
      '@cad0p/napkin': 0.14.0-20260820.1

  '@cad0p/pi-pioneer-provider@0.2.3-20260622.0': {}

  '@cad0p/pi-provider-umans@1.4.0-20260814.1': {}

  '@cad0p/pi-steering@0.2.0-20260908.1':
    dependencies:
      '@cad0p/unbash-walker': 0.1.0-20260904.0
      jiti: 2.7.0
      unbash: 3.0.0

  '@cad0p/pi-subagents-tintinweb@0.14.2-20261006.5':
    dependencies:
      croner: 10.0.1
      nanoid: 5.1.16

  '@cad0p/pi-timestamps@0.2.0-20260813.0': {}

  '@cad0p/pi-tree-navigator@0.2.0-20261007.0': {}

  '@cad0p/unbash-walker@0.1.0-20260904.0':
    dependencies:
      unbash: 4.0.11

  '@getpipher/vision@0.5.3': {}

  '@marcfargas/pi-heartbeat@0.0.1': {}

  argparse@1.0.10:
    dependencies:
      sprintf-js: 1.0.3

  argparse@2.0.1: {}

  chalk@5.6.2: {}

  commander@14.0.3: {}

  croner@10.0.1: {}

  diff@8.0.4: {}

  esprima@4.0.1: {}

  extend-shallow@2.0.1:
    dependencies:
      is-extendable: 0.1.1

  glimpseui@0.3.7:
    optional: true

  gray-matter@4.0.3:
    dependencies:
      js-yaml: 3.15.1
      kind-of: 6.0.3
      section-matter: 1.0.0
      strip-bom-string: 1.0.0

  ignore@7.0.6: {}

  is-extendable@0.1.1: {}

  jexl@2.3.0:
    dependencies:
      '@babel/runtime': 7.29.7

  jiti@2.7.0: {}

  js-yaml@3.15.1:
    dependencies:
      argparse: 1.0.10
      esprima: 4.0.1

  js-yaml@4.3.1:
    dependencies:
      argparse: 2.0.1

  kind-of@6.0.3: {}

  minisearch@7.2.0: {}

  mitsupi@https://codeload.github.com/mitsuhiko/agent-stuff/tar.gz/0865c849befd2021490679f96a8dee58c84ac857:
    dependencies:
      diff: 8.0.4

  nanoid@5.1.16: {}

  pi-context-view@0.6.0: {}

  pi-shipit@1.0.1: {}

  section-matter@1.0.0:
    dependencies:
      extend-shallow: 2.0.1
      kind-of: 6.0.3

  sprintf-js@1.0.3: {}

  sql.js@1.14.1: {}

  strip-bom-string@1.0.0: {}

  unbash@3.0.0: {}

  unbash@4.0.11: {}
